
Microsoft Visual Studio Solution File, Format Version 12.00
# Visual Studio Version 16
VisualStudioVersion = 16.0.30717.126
MinimumVisualStudioVersion = 10.0.40219.1
Project("{FAE04EC0-301F-11D3-BF4B-00C04F79EFBC}") = "HashTableProblem", "HashTableProblem\HashTableProblem.csproj", "{93965C3D-BABF-4F52-BE72-3A1C456DDEDF}"
EndProject
Global
	GlobalSection(SolutionConfigurationPlatforms) = preSolution
		Debug|Any CPU = Debug|Any CPU
		Release|Any CPU = Release|Any CPU
	EndGlobalSection
	GlobalSection(ProjectConfigurationPlatforms) = postSolution
		{93965C3D-BABF-4F52-BE72-3A1C456DDEDF}.Debug|Any CPU.ActiveCfg = Debug|Any CPU
		{93965C3D-BABF-4F52-BE72-3A1C456DDEDF}.Debug|Any CPU.Build.0 = Debug|Any CPU
		{93965C3D-BABF-4F52-BE72-3A1C456DDEDF}.Release|Any CPU.ActiveCfg = Release|Any CPU
		{93965C3D-BABF-4F52-BE72-3A1C456DDEDF}.Release|Any CPU.Build.0 = Release|Any CPU
	EndGlobalSection
	GlobalSection(SolutionProperties) = preSolution
		HideSolutionNode = FALSE
	EndGlobalSection
	GlobalSection(ExtensibilityGlobals) = postSolution
		SolutionGuid = {955988D0-0FF0-4E50-9060-AEBD0E487A52}
	EndGlobalSection
EndGlobal
